
Microsoft Visual Studio Solution File, Format Version 12.00
# Visual Studio Version 16
VisualStudioVersion = 16.0.31129.286
MinimumVisualStudioVersion = 10.0.40219.1
Project("{D954291E-2A0B-460D-934E-DC6B0785DB48}") = "Faregosoft.Shared", "Faregosoft\Faregosoft.Shared\Faregosoft.Shared.shproj", "{6279C845-92F8-4333-AB99-3D213163593C}"
EndProject
Project("{2150E333-8FDC-42A3-9474-1A3956D46DE8}") = "Platforms", "Platforms", "{493AEE4F-38F1-4436-B647-34E8C4E02621}"
EndProject
Project("{FAE04EC0-301F-11D3-BF4B-00C04F79EFBC}") = "Faregosoft.Droid", "Faregosoft\Faregosoft.Droid\Faregosoft.Droid.csproj", "{B597E327-0846-4DCC-99FD-C97D57DCAD8C}"
EndProject
Project("{FAE04EC0-301F-11D3-BF4B-00C04F79EFBC}") = "Faregosoft.iOS", "Faregosoft\Faregosoft.iOS\Faregosoft.iOS.csproj", "{72489DB8-7D4D-4CE9-8B82-2B47BE7BC3DF}"
EndProject
Project("{FAE04EC0-301F-11D3-BF4B-00C04F79EFBC}") = "Faregosoft.UWP", "Faregosoft\Faregosoft.UWP\Faregosoft.UWP.csproj", "{994B6FDE-87C2-443E-9E80-2592DD85B636}"
EndProject
Project("{FAE04EC0-301F-11D3-BF4B-00C04F79EFBC}") = "Faregosoft.Wasm", "Faregosoft\Faregosoft.Wasm\Faregosoft.Wasm.csproj", "{83F2BA37-5DFC-47E2-8E15-A0A976309D34}"
EndProject
Project("{FAE04EC0-301F-11D3-BF4B-00C04F79EFBC}") = "Faregosoft.macOS", "Faregosoft\Faregosoft.macOS\Faregosoft.macOS.csproj", "{05ECF4B0-F37F-4CD1-8DDC-712BFBE1B2A3}"
EndProject
Project("{FAE04EC0-301F-11D3-BF4B-00C04F79EFBC}") = "Faregosoft.Skia.Wpf.Host", "Faregosoft\Faregosoft.Skia.Wpf.Host\Faregosoft.Skia.Wpf.Host.csproj", "{E8958BEA-2D60-43FE-904B-B35EF40213C0}"
EndProject
Project("{FAE04EC0-301F-11D3-BF4B-00C04F79EFBC}") = "Faregosoft.Skia.Wpf", "Faregosoft\Faregosoft.Skia.Wpf\Faregosoft.Skia.Wpf.csproj", "{2C4806D8-0466-4CBF-A793-05F41BD184B9}"
EndProject
Project("{FAE04EC0-301F-11D3-BF4B-00C04F79EFBC}") = "Faregosoft.Skia.Gtk", "Faregosoft\Faregosoft.Skia.Gtk\Faregosoft.Skia.Gtk.csproj", "{3F0ACBB9-A218-44A2-9F73-926F6E0D5D17}"
EndProject
Project("{FAE04EC0-301F-11D3-BF4B-00C04F79EFBC}") = "Faregosoft.Skia.Tizen", "Faregosoft\Faregosoft.Skia.Tizen\Faregosoft.Skia.Tizen.csproj", "{5506122C-DCBA-496C-9324-69B09DBC76E6}"
EndProject
Global
	GlobalSection(SharedMSBuildProjectFiles) = preSolution
		Faregosoft\Faregosoft.Shared\Faregosoft.Shared.projitems*{05ecf4b0-f37f-4cd1-8ddc-712bfbe1b2a3}*SharedItemsImports = 4
		Faregosoft\Faregosoft.Shared\Faregosoft.Shared.projitems*{2c4806d8-0466-4cbf-a793-05f41bd184b9}*SharedItemsImports = 5
		Faregosoft\Faregosoft.Shared\Faregosoft.Shared.projitems*{3f0acbb9-a218-44a2-9f73-926f6e0d5d17}*SharedItemsImports = 5
		Faregosoft\Faregosoft.Shared\Faregosoft.Shared.projitems*{5506122c-dcba-496c-9324-69b09dbc76e6}*SharedItemsImports = 5
		Faregosoft\Faregosoft.Shared\Faregosoft.Shared.projitems*{6279c845-92f8-4333-ab99-3d213163593c}*SharedItemsImports = 13
		Faregosoft\Faregosoft.Shared\Faregosoft.Shared.projitems*{72489db8-7d4d-4ce9-8b82-2b47be7bc3df}*SharedItemsImports = 4
		Faregosoft\Faregosoft.Shared\Faregosoft.Shared.projitems*{83f2ba37-5dfc-47e2-8e15-a0a976309d34}*SharedItemsImports = 5
		Faregosoft\Faregosoft.Shared\Faregosoft.Shared.projitems*{994b6fde-87c2-443e-9e80-2592dd85b636}*SharedItemsImports = 4
		Faregosoft\Faregosoft.Shared\Faregosoft.Shared.projitems*{b597e327-0846-4dcc-99fd-c97d57dcad8c}*SharedItemsImports = 4
	EndGlobalSection
	GlobalSection(SolutionConfigurationPlatforms) = preSolution
		Ad-Hoc|Any CPU = Ad-Hoc|Any CPU
		Ad-Hoc|ARM = Ad-Hoc|ARM
		Ad-Hoc|ARM64 = Ad-Hoc|ARM64
		Ad-Hoc|iPhone = Ad-Hoc|iPhone
		Ad-Hoc|iPhoneSimulator = Ad-Hoc|iPhoneSimulator
		Ad-Hoc|x64 = Ad-Hoc|x64
		Ad-Hoc|x86 = Ad-Hoc|x86
		AppStore|Any CPU = AppStore|Any CPU
		AppStore|ARM = AppStore|ARM
		AppStore|ARM64 = AppStore|ARM64
		AppStore|iPhone = AppStore|iPhone
		AppStore|iPhoneSimulator = AppStore|iPhoneSimulator
		AppStore|x64 = AppStore|x64
		AppStore|x86 = AppStore|x86
		Debug|Any CPU = Debug|Any CPU
		Debug|ARM = Debug|ARM
		Debug|ARM64 = Debug|ARM64
		Debug|iPhone = Debug|iPhone
		Debug|iPhoneSimulator = Debug|iPhoneSimulator
		Debug|x64 = Debug|x64
		Debug|x86 = Debug|x86
		Release|Any CPU = Release|Any CPU
		Release|ARM = Release|ARM
		Release|ARM64 = Release|ARM64
		Release|iPhone = Release|iPhone
		Release|iPhoneSimulator = Release|iPhoneSimulator
		Release|x64 = Release|x64
		Release|x86 = Release|x86
	EndGlobalSection
	GlobalSection(ProjectConfigurationPlatforms) = postSolution
		{B597E327-0846-4DCC-99FD-C97D57DCAD8C}.Ad-Hoc|Any CPU.ActiveCfg = Debug|Any CPU
		{B597E327-0846-4DCC-99FD-C97D57DCAD8C}.Ad-Hoc|Any CPU.Build.0 = Debug|Any CPU
		{B597E327-0846-4DCC-99FD-C97D57DCAD8C}.Ad-Hoc|Any CPU.Deploy.0 = Debug|Any CPU
		{B597E327-0846-4DCC-99FD-C97D57DCAD8C}.Ad-Hoc|ARM.ActiveCfg = Debug|Any CPU
		{B597E327-0846-4DCC-99FD-C97D57DCAD8C}.Ad-Hoc|ARM.Build.0 = Debug|Any CPU
		{B597E327-0846-4DCC-99FD-C97D57DCAD8C}.Ad-Hoc|ARM.Deploy.0 = Debug|Any CPU
		{B597E327-0846-4DCC-99FD-C97D57DCAD8C}.Ad-Hoc|ARM64.ActiveCfg = Debug|Any CPU
		{B597E327-0846-4DCC-99FD-C97D57DCAD8C}.Ad-Hoc|ARM64.Build.0 = Debug|Any CPU
		{B597E327-0846-4DCC-99FD-C97D57DCAD8C}.Ad-Hoc|ARM64.Deploy.0 = Debug|Any CPU
		{B597E327-0846-4DCC-99FD-C97D57DCAD8C}.Ad-Hoc|iPhone.ActiveCfg = Debug|Any CPU
		{B597E327-0846-4DCC-99FD-C97D57DCAD8C}.Ad-Hoc|iPhone.Build.0 = Debug|Any CPU
		{B597E327-0846-4DCC-99FD-C97D57DCAD8C}.Ad-Hoc|iPhone.Deploy.0 = Debug|Any CPU
		{B597E327-0846-4DCC-99FD-C97D57DCAD8C}.Ad-Hoc|iPhoneSimulator.ActiveCfg = Debug|Any CPU
		{B597E327-0846-4DCC-99FD-C97D57DCAD8C}.Ad-Hoc|iPhoneSimulator.Build.0 = Debug|Any CPU
		{B597E327-0846-4DCC-99FD-C97D57DCAD8C}.Ad-Hoc|iPhoneSimulator.Deploy.0 = Debug|Any CPU
		{B597E327-0846-4DCC-99FD-C97D57DCAD8C}.Ad-Hoc|x64.ActiveCfg = Debug|Any CPU
		{B597E327-0846-4DCC-99FD-C97D57DCAD8C}.Ad-Hoc|x64.Build.0 = Debug|Any CPU
		{B597E327-0846-4DCC-99FD-C97D57DCAD8C}.Ad-Hoc|x64.Deploy.0 = Debug|Any CPU
		{B597E327-0846-4DCC-99FD-C97D57DCAD8C}.Ad-Hoc|x86.ActiveCfg = Debug|Any CPU
		{B597E327-0846-4DCC-99FD-C97D57DCAD8C}.Ad-Hoc|x86.Build.0 = Debug|Any CPU
		{B597E327-0846-4DCC-99FD-C97D57DCAD8C}.Ad-Hoc|x86.Deploy.0 = Debug|Any CPU
		{B597E327-0846-4DCC-99FD-C97D57DCAD8C}.AppStore|Any CPU.ActiveCfg = Debug|Any CPU
		{B597E327-0846-4DCC-99FD-C97D57DCAD8C}.AppStore|Any CPU.Build.0 = Debug|Any CPU
		{B597E327-0846-4DCC-99FD-C97D57DCAD8C}.AppStore|Any CPU.Deploy.0 = Debug|Any CPU
		{B597E327-0846-4DCC-99FD-C97D57DCAD8C}.AppStore|ARM.ActiveCfg = Debug|Any CPU
		{B597E327-0846-4DCC-99FD-C97D57DCAD8C}.AppStore|ARM.Build.0 = Debug|Any CPU
		{B597E327-0846-4DCC-99FD-C97D57DCAD8C}.AppStore|ARM.Deploy.0 = Debug|Any CPU
		{B597E327-0846-4DCC-99FD-C97D57DCAD8C}.AppStore|ARM64.ActiveCfg = Debug|Any CPU
		{B597E327-0846-4DCC-99FD-C97D57DCAD8C}.AppStore|ARM64.Build.0 = Debug|Any CPU
		{B597E327-0846-4DCC-99FD-C97D57DCAD8C}.AppStore|ARM64.Deploy.0 = Debug|Any CPU
		{B597E327-0846-4DCC-99FD-C97D57DCAD8C}.AppStore|iPhone.ActiveCfg = Debug|Any CPU
		{B597E327-0846-4DCC-99FD-C97D57DCAD8C}.AppStore|iPhone.Build.0 = Debug|Any CPU
		{B597E327-0846-4DCC-99FD-C97D57DCAD8C}.AppStore|iPhone.Deploy.0 = Debug|Any CPU
		{B597E327-0846-4DCC-99FD-C97D57DCAD8C}.AppStore|iPhoneSimulator.ActiveCfg = Debug|Any CPU
		{B597E327-0846-4DCC-99FD-C97D57DCAD8C}.AppStore|iPhoneSimulator.Build.0 = Debug|Any CPU
		{B597E327-0846-4DCC-99FD-C97D57DCAD8C}.AppStore|iPhoneSimulator.Deploy.0 = Debug|Any CPU
		{B597E327-0846-4DCC-99FD-C97D57DCAD8C}.AppStore|x64.ActiveCfg = Debug|Any CPU
		{B597E327-0846-4DCC-99FD-C97D57DCAD8C}.AppStore|x64.Build.0 = Debug|Any CPU
		{B597E327-0846-4DCC-99FD-C97D57DCAD8C}.AppStore|x64.Deploy.0 = Debug|Any CPU
		{B597E327-0846-4DCC-99FD-C97D57DCAD8C}.AppStore|x86.ActiveCfg = Debug|Any CPU
		{B597E327-0846-4DCC-99FD-C97D57DCAD8C}.AppStore|x86.Build.0 = Debug|Any CPU
		{B597E327-0846-4DCC-99FD-C97D57DCAD8C}.AppStore|x86.Deploy.0 = Debug|Any CPU
		{B597E327-0846-4DCC-99FD-C97D57DCAD8C}.Debug|Any CPU.ActiveCfg = Debug|Any CPU
		{B597E327-0846-4DCC-99FD-C97D57DCAD8C}.Debug|Any CPU.Build.0 = Debug|Any CPU
		{B597E327-0846-4DCC-99FD-C97D57DCAD8C}.Debug|Any CPU.Deploy.0 = Debug|Any CPU
		{B597E327-0846-4DCC-99FD-C97D57DCAD8C}.Debug|ARM.ActiveCfg = Debug|Any CPU
		{B597E327-0846-4DCC-99FD-C97D57DCAD8C}.Debug|ARM.Build.0 = Debug|Any CPU
		{B597E327-0846-4DCC-99FD-C97D57DCAD8C}.Debug|ARM.Deploy.0 = Debug|Any CPU
		{B597E327-0846-4DCC-99FD-C97D57DCAD8C}.Debug|ARM64.ActiveCfg = Debug|Any CPU
		{B597E327-0846-4DCC-99FD-C97D57DCAD8C}.Debug|ARM64.Build.0 = Debug|Any CPU
		{B597E327-0846-4DCC-99FD-C97D57DCAD8C}.Debug|ARM64.Deploy.0 = Debug|Any CPU
		{B597E327-0846-4DCC-99FD-C97D57DCAD8C}.Debug|iPhone.ActiveCfg = Debug|Any CPU
		{B597E327-0846-4DCC-99FD-C97D57DCAD8C}.Debug|iPhone.Build.0 = Debug|Any CPU
		{B597E327-0846-4DCC-99FD-C97D57DCAD8C}.Debug|iPhone.Deploy.0 = Debug|Any CPU
		{B597E327-0846-4DCC-99FD-C97D57DCAD8C}.Debug|iPhoneSimulator.ActiveCfg = Debug|Any CPU
		{B597E327-0846-4DCC-99FD-C97D57DCAD8C}.Debug|iPhoneSimulator.Build.0 = Debug|Any CPU
		{B597E327-0846-4DCC-99FD-C97D57DCAD8C}.Debug|iPhoneSimulator.Deploy.0 = Debug|Any CPU
		{B597E327-0846-4DCC-99FD-C97D57DCAD8C}.Debug|x64.ActiveCfg = Debug|Any CPU
		{B597E327-0846-4DCC-99FD-C97D57DCAD8C}.Debug|x64.Build.0 = Debug|Any CPU
		{B597E327-0846-4DCC-99FD-C97D57DCAD8C}.Debug|x64.Deploy.0 = Debug|Any CPU
		{B597E327-0846-4DCC-99FD-C97D57DCAD8C}.Debug|x86.ActiveCfg = Debug|Any CPU
		{B597E327-0846-4DCC-99FD-C97D57DCAD8C}.Debug|x86.Build.0 = Debug|Any CPU
		{B597E327-0846-4DCC-99FD-C97D57DCAD8C}.Debug|x86.Deploy.0 = Debug|Any CPU
		{B597E327-0846-4DCC-99FD-C97D57DCAD8C}.Release|Any CPU.ActiveCfg = Release|Any CPU
		{B597E327-0846-4DCC-99FD-C97D57DCAD8C}.Release|Any CPU.Build.0 = Release|Any CPU
		{B597E327-0846-4DCC-99FD-C97D57DCAD8C}.Release|Any CPU.Deploy.0 = Release|Any CPU
		{B597E327-0846-4DCC-99FD-C97D57DCAD8C}.Release|ARM.ActiveCfg = Release|Any CPU
		{B597E327-0846-4DCC-99FD-C97D57DCAD8C}.Release|ARM.Build.0 = Release|Any CPU
		{B597E327-0846-4DCC-99FD-C97D57DCAD8C}.Release|ARM.Deploy.0 = Release|Any CPU
		{B597E327-0846-4DCC-99FD-C97D57DCAD8C}.Release|ARM64.ActiveCfg = Release|Any CPU
		{B597E327-0846-4DCC-99FD-C97D57DCAD8C}.Release|ARM64.Build.0 = Release|Any CPU
		{B597E327-0846-4DCC-99FD-C97D57DCAD8C}.Release|ARM64.Deploy.0 = Release|Any CPU
		{B597E327-0846-4DCC-99FD-C97D57DCAD8C}.Release|iPhone.ActiveCfg = Release|Any CPU
		{B597E327-0846-4DCC-99FD-C97D57DCAD8C}.Release|iPhone.Build.0 = Release|Any CPU
		{B597E327-0846-4DCC-99FD-C97D57DCAD8C}.Release|iPhone.Deploy.0 = Release|Any CPU
		{B597E327-0846-4DCC-99FD-C97D57DCAD8C}.Release|iPhoneSimulator.ActiveCfg = Release|Any CPU
		{B597E327-0846-4DCC-99FD-C97D57DCAD8C}.Release|iPhoneSimulator.Build.0 = Release|Any CPU
		{B597E327-0846-4DCC-99FD-C97D57DCAD8C}.Release|iPhoneSimulator.Deploy.0 = Release|Any CPU
		{B597E327-0846-4DCC-99FD-C97D57DCAD8C}.Release|x64.ActiveCfg = Release|Any CPU
		{B597E327-0846-4DCC-99FD-C97D57DCAD8C}.Release|x64.Build.0 = Release|Any CPU
		{B597E327-0846-4DCC-99FD-C97D57DCAD8C}.Release|x64.Deploy.0 = Release|Any CPU
		{B597E327-0846-4DCC-99FD-C97D57DCAD8C}.Release|x86.ActiveCfg = Release|Any CPU
		{B597E327-0846-4DCC-99FD-C97D57DCAD8C}.Release|x86.Build.0 = Release|Any CPU
		{B597E327-0846-4DCC-99FD-C97D57DCAD8C}.Release|x86.Deploy.0 = Release|Any CPU
		{72489DB8-7D4D-4CE9-8B82-2B47BE7BC3DF}.Ad-Hoc|Any CPU.ActiveCfg = Ad-Hoc|iPhoneSimulator
		{72489DB8-7D4D-4CE9-8B82-2B47BE7BC3DF}.Ad-Hoc|ARM.ActiveCfg = Ad-Hoc|iPhoneSimulator
		{72489DB8-7D4D-4CE9-8B82-2B47BE7BC3DF}.Ad-Hoc|ARM64.ActiveCfg = Ad-Hoc|iPhoneSimulator
		{72489DB8-7D4D-4CE9-8B82-2B47BE7BC3DF}.Ad-Hoc|iPhone.ActiveCfg = Ad-Hoc|iPhone
		{72489DB8-7D4D-4CE9-8B82-2B47BE7BC3DF}.Ad-Hoc|iPhone.Build.0 = Ad-Hoc|iPhone
		{72489DB8-7D4D-4CE9-8B82-2B47BE7BC3DF}.Ad-Hoc|iPhoneSimulator.ActiveCfg = Ad-Hoc|iPhoneSimulator
		{72489DB8-7D4D-4CE9-8B82-2B47BE7BC3DF}.Ad-Hoc|iPhoneSimulator.Build.0 = Ad-Hoc|iPhoneSimulator
		{72489DB8-7D4D-4CE9-8B82-2B47BE7BC3DF}.Ad-Hoc|x64.ActiveCfg = Ad-Hoc|iPhoneSimulator
		{72489DB8-7D4D-4CE9-8B82-2B47BE7BC3DF}.Ad-Hoc|x86.ActiveCfg = Ad-Hoc|iPhoneSimulator
		{72489DB8-7D4D-4CE9-8B82-2B47BE7BC3DF}.AppStore|Any CPU.ActiveCfg = AppStore|iPhoneSimulator
		{72489DB8-7D4D-4CE9-8B82-2B47BE7BC3DF}.AppStore|ARM.ActiveCfg = AppStore|iPhoneSimulator
		{72489DB8-7D4D-4CE9-8B82-2B47BE7BC3DF}.AppStore|ARM64.ActiveCfg = AppStore|iPhoneSimulator
		{72489DB8-7D4D-4CE9-8B82-2B47BE7BC3DF}.AppStore|iPhone.ActiveCfg = AppStore|iPhone
		{72489DB8-7D4D-4CE9-8B82-2B47BE7BC3DF}.AppStore|iPhone.Build.0 = AppStore|iPhone
		{72489DB8-7D4D-4CE9-8B82-2B47BE7BC3DF}.AppStore|iPhoneSimulator.ActiveCfg = AppStore|iPhoneSimulator
		{72489DB8-7D4D-4CE9-8B82-2B47BE7BC3DF}.AppStore|iPhoneSimulator.Build.0 = AppStore|iPhoneSimulator
		{72489DB8-7D4D-4CE9-8B82-2B47BE7BC3DF}.AppStore|x64.ActiveCfg = AppStore|iPhoneSimulator
		{72489DB8-7D4D-4CE9-8B82-2B47BE7BC3DF}.AppStore|x86.ActiveCfg = AppStore|iPhoneSimulator
		{72489DB8-7D4D-4CE9-8B82-2B47BE7BC3DF}.Debug|Any CPU.ActiveCfg = Debug|iPhoneSimulator
		{72489DB8-7D4D-4CE9-8B82-2B47BE7BC3DF}.Debug|ARM.ActiveCfg = Debug|iPhoneSimulator
		{72489DB8-7D4D-4CE9-8B82-2B47BE7BC3DF}.Debug|ARM64.ActiveCfg = Debug|iPhoneSimulator
		{72489DB8-7D4D-4CE9-8B82-2B47BE7BC3DF}.Debug|iPhone.ActiveCfg = Debug|iPhone
		{72489DB8-7D4D-4CE9-8B82-2B47BE7BC3DF}.Debug|iPhone.Build.0 = Debug|iPhone
		{72489DB8-7D4D-4CE9-8B82-2B47BE7BC3DF}.Debug|iPhoneSimulator.ActiveCfg = Debug|iPhoneSimulator
		{72489DB8-7D4D-4CE9-8B82-2B47BE7BC3DF}.Debug|iPhoneSimulator.Build.0 = Debug|iPhoneSimulator
		{72489DB8-7D4D-4CE9-8B82-2B47BE7BC3DF}.Debug|x64.ActiveCfg = Debug|iPhoneSimulator
		{72489DB8-7D4D-4CE9-8B82-2B47BE7BC3DF}.Debug|x86.ActiveCfg = Debug|iPhoneSimulator
		{72489DB8-7D4D-4CE9-8B82-2B47BE7BC3DF}.Release|Any CPU.ActiveCfg = Release|iPhoneSimulator
		{72489DB8-7D4D-4CE9-8B82-2B47BE7BC3DF}.Release|ARM.ActiveCfg = Release|iPhoneSimulator
		{72489DB8-7D4D-4CE9-8B82-2B47BE7BC3DF}.Release|ARM64.ActiveCfg = Release|iPhoneSimulator
		{72489DB8-7D4D-4CE9-8B82-2B47BE7BC3DF}.Release|iPhone.ActiveCfg = Release|iPhone
		{72489DB8-7D4D-4CE9-8B82-2B47BE7BC3DF}.Release|iPhone.Build.0 = Release|iPhone
		{72489DB8-7D4D-4CE9-8B82-2B47BE7BC3DF}.Release|iPhoneSimulator.ActiveCfg = Release|iPhoneSimulator
		{72489DB8-7D4D-4CE9-8B82-2B47BE7BC3DF}.Release|iPhoneSimulator.Build.0 = Release|iPhoneSimulator
		{72489DB8-7D4D-4CE9-8B82-2B47BE7BC3DF}.Release|x64.ActiveCfg = Release|iPhoneSimulator
		{72489DB8-7D4D-4CE9-8B82-2B47BE7BC3DF}.Release|x86.ActiveCfg = Release|iPhoneSimulator
		{994B6FDE-87C2-443E-9E80-2592DD85B636}.Ad-Hoc|Any CPU.ActiveCfg = Debug|x86
		{994B6FDE-87C2-443E-9E80-2592DD85B636}.Ad-Hoc|Any CPU.Build.0 = Debug|x86
		{994B6FDE-87C2-443E-9E80-2592DD85B636}.Ad-Hoc|Any CPU.Deploy.0 = Debug|x86
		{994B6FDE-87C2-443E-9E80-2592DD85B636}.Ad-Hoc|ARM.ActiveCfg = Debug|ARM
		{994B6FDE-87C2-443E-9E80-2592DD85B636}.Ad-Hoc|ARM.Build.0 = Debug|ARM
		{994B6FDE-87C2-443E-9E80-2592DD85B636}.Ad-Hoc|ARM.Deploy.0 = Debug|ARM
		{994B6FDE-87C2-443E-9E80-2592DD85B636}.Ad-Hoc|ARM64.ActiveCfg = Debug|ARM64
		{994B6FDE-87C2-443E-9E80-2592DD85B636}.Ad-Hoc|ARM64.Build.0 = Debug|ARM64
		{994B6FDE-87C2-443E-9E80-2592DD85B636}.Ad-Hoc|ARM64.Deploy.0 = Debug|ARM64
		{994B6FDE-87C2-443E-9E80-2592DD85B636}.Ad-Hoc|iPhone.ActiveCfg = Debug|x86
		{994B6FDE-87C2-443E-9E80-2592DD85B636}.Ad-Hoc|iPhone.Build.0 = Debug|x86
		{994B6FDE-87C2-443E-9E80-2592DD85B636}.Ad-Hoc|iPhone.Deploy.0 = Debug|x86
		{994B6FDE-87C2-443E-9E80-2592DD85B636}.Ad-Hoc|iPhoneSimulator.ActiveCfg = Debug|x86
		{994B6FDE-87C2-443E-9E80-2592DD85B636}.Ad-Hoc|iPhoneSimulator.Build.0 = Debug|x86
		{994B6FDE-87C2-443E-9E80-2592DD85B636}.Ad-Hoc|iPhoneSimulator.Deploy.0 = Debug|x86
		{994B6FDE-87C2-443E-9E80-2592DD85B636}.Ad-Hoc|x64.ActiveCfg = Debug|x64
		{994B6FDE-87C2-443E-9E80-2592DD85B636}.Ad-Hoc|x64.Build.0 = Debug|x64
		{994B6FDE-87C2-443E-9E80-2592DD85B636}.Ad-Hoc|x64.Deploy.0 = Debug|x64
		{994B6FDE-87C2-443E-9E80-2592DD85B636}.Ad-Hoc|x86.ActiveCfg = Debug|x86
		{994B6FDE-87C2-443E-9E80-2592DD85B636}.Ad-Hoc|x86.Build.0 = Debug|x86
		{994B6FDE-87C2-443E-9E80-2592DD85B636}.Ad-Hoc|x86.Deploy.0 = Debug|x86
		{994B6FDE-87C2-443E-9E80-2592DD85B636}.AppStore|Any CPU.ActiveCfg = Debug|x86
		{994B6FDE-87C2-443E-9E80-2592DD85B636}.AppStore|Any CPU.Build.0 = Debug|x86
		{994B6FDE-87C2-443E-9E80-2592DD85B636}.AppStore|Any CPU.Deploy.0 = Debug|x86
		{994B6FDE-87C2-443E-9E80-2592DD85B636}.AppStore|ARM.ActiveCfg = Debug|ARM
		{994B6FDE-87C2-443E-9E80-2592DD85B636}.AppStore|ARM.Build.0 = Debug|ARM
		{994B6FDE-87C2-443E-9E80-2592DD85B636}.AppStore|ARM.Deploy.0 = Debug|ARM
		{994B6FDE-87C2-443E-9E80-2592DD85B636}.AppStore|ARM64.ActiveCfg = Debug|ARM64
		{994B6FDE-87C2-443E-9E80-2592DD85B636}.AppStore|ARM64.Build.0 = Debug|ARM64
		{994B6FDE-87C2-443E-9E80-2592DD85B636}.AppStore|ARM64.Deploy.0 = Debug|ARM64
		{994B6FDE-87C2-443E-9E80-2592DD85B636}.AppStore|iPhone.ActiveCfg = Debug|x86
		{994B6FDE-87C2-443E-9E80-2592DD85B636}.AppStore|iPhone.Build.0 = Debug|x86
		{994B6FDE-87C2-443E-9E80-2592DD85B636}.AppStore|iPhone.Deploy.0 = Debug|x86
		{994B6FDE-87C2-443E-9E80-2592DD85B636}.AppStore|iPhoneSimulator.ActiveCfg = Debug|x86
		{994B6FDE-87C2-443E-9E80-2592DD85B636}.AppStore|iPhoneSimulator.Build.0 = Debug|x86
		{994B6FDE-87C2-443E-9E80-2592DD85B636}.AppStore|iPhoneSimulator.Deploy.0 = Debug|x86
		{994B6FDE-87C2-443E-9E80-2592DD85B636}.AppStore|x64.ActiveCfg = Debug|x64
		{994B6FDE-87C2-443E-9E80-2592DD85B636}.AppStore|x64.Build.0 = Debug|x64
		{994B6FDE-87C2-443E-9E80-2592DD85B636}.AppStore|x64.Deploy.0 = Debug|x64
		{994B6FDE-87C2-443E-9E80-2592DD85B636}.AppStore|x86.ActiveCfg = Debug|x86
		{994B6FDE-87C2-443E-9E80-2592DD85B636}.AppStore|x86.Build.0 = Debug|x86
		{994B6FDE-87C2-443E-9E80-2592DD85B636}.AppStore|x86.Deploy.0 = Debug|x86
		{994B6FDE-87C2-443E-9E80-2592DD85B636}.Debug|Any CPU.ActiveCfg = Debug|x86
		{994B6FDE-87C2-443E-9E80-2592DD85B636}.Debug|Any CPU.Build.0 = Debug|x86
		{994B6FDE-87C2-443E-9E80-2592DD85B636}.Debug|Any CPU.Deploy.0 = Debug|x86
		{994B6FDE-87C2-443E-9E80-2592DD85B636}.Debug|ARM.ActiveCfg = Debug|ARM
		{994B6FDE-87C2-443E-9E80-2592DD85B636}.Debug|ARM.Build.0 = Debug|ARM
		{994B6FDE-87C2-443E-9E80-2592DD85B636}.Debug|ARM.Deploy.0 = Debug|ARM
		{994B6FDE-87C2-443E-9E80-2592DD85B636}.Debug|ARM64.ActiveCfg = Debug|ARM64
		{994B6FDE-87C2-443E-9E80-2592DD85B636}.Debug|ARM64.Build.0 = Debug|ARM64
		{994B6FDE-87C2-443E-9E80-2592DD85B636}.Debug|ARM64.Deploy.0 = Debug|ARM64
		{994B6FDE-87C2-443E-9E80-2592DD85B636}.Debug|iPhone.ActiveCfg = Debug|x86
		{994B6FDE-87C2-443E-9E80-2592DD85B636}.Debug|iPhoneSimulator.ActiveCfg = Debug|x86
		{994B6FDE-87C2-443E-9E80-2592DD85B636}.Debug|x64.ActiveCfg = Debug|x64
		{994B6FDE-87C2-443E-9E80-2592DD85B636}.Debug|x64.Build.0 = Debug|x64
		{994B6FDE-87C2-443E-9E80-2592DD85B636}.Debug|x64.Deploy.0 = Debug|x64
		{994B6FDE-87C2-443E-9E80-2592DD85B636}.Debug|x86.ActiveCfg = Debug|x86
		{994B6FDE-87C2-443E-9E80-2592DD85B636}.Debug|x86.Build.0 = Debug|x86
		{994B6FDE-87C2-443E-9E80-2592DD85B636}.Debug|x86.Deploy.0 = Debug|x86
		{994B6FDE-87C2-443E-9E80-2592DD85B636}.Release|Any CPU.ActiveCfg = Release|x86
		{994B6FDE-87C2-443E-9E80-2592DD85B636}.Release|ARM.ActiveCfg = Release|ARM
		{994B6FDE-87C2-443E-9E80-2592DD85B636}.Release|ARM.Build.0 = Release|ARM
		{994B6FDE-87C2-443E-9E80-2592DD85B636}.Release|ARM.Deploy.0 = Release|ARM
		{994B6FDE-87C2-443E-9E80-2592DD85B636}.Release|ARM64.ActiveCfg = Release|ARM64
		{994B6FDE-87C2-443E-9E80-2592DD85B636}.Release|ARM64.Build.0 = Release|ARM64
		{994B6FDE-87C2-443E-9E80-2592DD85B636}.Release|ARM64.Deploy.0 = Release|ARM64
		{994B6FDE-87C2-443E-9E80-2592DD85B636}.Release|iPhone.ActiveCfg = Release|x86
		{994B6FDE-87C2-443E-9E80-2592DD85B636}.Release|iPhoneSimulator.ActiveCfg = Release|x86
		{994B6FDE-87C2-443E-9E80-2592DD85B636}.Release|x64.ActiveCfg = Release|x64
		{994B6FDE-87C2-443E-9E80-2592DD85B636}.Release|x64.Build.0 = Release|x64
		{994B6FDE-87C2-443E-9E80-2592DD85B636}.Release|x64.Deploy.0 = Release|x64
		{994B6FDE-87C2-443E-9E80-2592DD85B636}.Release|x86.ActiveCfg = Release|x86
		{994B6FDE-87C2-443E-9E80-2592DD85B636}.Release|x86.Build.0 = Release|x86
		{994B6FDE-87C2-443E-9E80-2592DD85B636}.Release|x86.Deploy.0 = Release|x86
		{83F2BA37-5DFC-47E2-8E15-A0A976309D34}.Ad-Hoc|Any CPU.ActiveCfg = Debug|Any CPU
		{83F2BA37-5DFC-47E2-8E15-A0A976309D34}.Ad-Hoc|Any CPU.Build.0 = Debug|Any CPU
		{83F2BA37-5DFC-47E2-8E15-A0A976309D34}.Ad-Hoc|ARM.ActiveCfg = Debug|Any CPU
		{83F2BA37-5DFC-47E2-8E15-A0A976309D34}.Ad-Hoc|ARM.Build.0 = Debug|Any CPU
		{83F2BA37-5DFC-47E2-8E15-A0A976309D34}.Ad-Hoc|ARM64.ActiveCfg = Debug|Any CPU
		{83F2BA37-5DFC-47E2-8E15-A0A976309D34}.Ad-Hoc|ARM64.Build.0 = Debug|Any CPU
		{83F2BA37-5DFC-47E2-8E15-A0A976309D34}.Ad-Hoc|iPhone.ActiveCfg = Debug|Any CPU
		{83F2BA37-5DFC-47E2-8E15-A0A976309D34}.Ad-Hoc|iPhone.Build.0 = Debug|Any CPU
		{83F2BA37-5DFC-47E2-8E15-A0A976309D34}.Ad-Hoc|iPhoneSimulator.ActiveCfg = Debug|Any CPU
		{83F2BA37-5DFC-47E2-8E15-A0A976309D34}.Ad-Hoc|iPhoneSimulator.Build.0 = Debug|Any CPU
		{83F2BA37-5DFC-47E2-8E15-A0A976309D34}.Ad-Hoc|x64.ActiveCfg = Debug|Any CPU
		{83F2BA37-5DFC-47E2-8E15-A0A976309D34}.Ad-Hoc|x64.Build.0 = Debug|Any CPU
		{83F2BA37-5DFC-47E2-8E15-A0A976309D34}.Ad-Hoc|x86.ActiveCfg = Debug|Any CPU
		{83F2BA37-5DFC-47E2-8E15-A0A976309D34}.Ad-Hoc|x86.Build.0 = Debug|Any CPU
		{83F2BA37-5DFC-47E2-8E15-A0A976309D34}.AppStore|Any CPU.ActiveCfg = Debug|Any CPU
		{83F2BA37-5DFC-47E2-8E15-A0A976309D34}.AppStore|Any CPU.Build.0 = Debug|Any CPU
		{83F2BA37-5DFC-47E2-8E15-A0A976309D34}.AppStore|ARM.ActiveCfg = Debug|Any CPU
		{83F2BA37-5DFC-47E2-8E15-A0A976309D34}.AppStore|ARM.Build.0 = Debug|Any CPU
		{83F2BA37-5DFC-47E2-8E15-A0A976309D34}.AppStore|ARM64.ActiveCfg = Debug|Any CPU
		{83F2BA37-5DFC-47E2-8E15-A0A976309D34}.AppStore|ARM64.Build.0 = Debug|Any CPU
		{83F2BA37-5DFC-47E2-8E15-A0A976309D34}.AppStore|iPhone.ActiveCfg = Debug|Any CPU
		{83F2BA37-5DFC-47E2-8E15-A0A976309D34}.AppStore|iPhone.Build.0 = Debug|Any CPU
		{83F2BA37-5DFC-47E2-8E15-A0A976309D34}.AppStore|iPhoneSimulator.ActiveCfg = Debug|Any CPU
		{83F2BA37-5DFC-47E2-8E15-A0A976309D34}.AppStore|iPhoneSimulator.Build.0 = Debug|Any CPU
		{83F2BA37-5DFC-47E2-8E15-A0A976309D34}.AppStore|x64.ActiveCfg = Debug|Any CPU
		{83F2BA37-5DFC-47E2-8E15-A0A976309D34}.AppStore|x64.Build.0 = Debug|Any CPU
		{83F2BA37-5DFC-47E2-8E15-A0A976309D34}.AppStore|x86.ActiveCfg = Debug|Any CPU
		{83F2BA37-5DFC-47E2-8E15-A0A976309D34}.AppStore|x86.Build.0 = Debug|Any CPU
		{83F2BA37-5DFC-47E2-8E15-A0A976309D34}.Debug|Any CPU.ActiveCfg = Debug|Any CPU
		{83F2BA37-5DFC-47E2-8E15-A0A976309D34}.Debug|Any CPU.Build.0 = Debug|Any CPU
		{83F2BA37-5DFC-47E2-8E15-A0A976309D34}.Debug|ARM.ActiveCfg = Debug|Any CPU
		{83F2BA37-5DFC-47E2-8E15-A0A976309D34}.Debug|ARM.Build.0 = Debug|Any CPU
		{83F2BA37-5DFC-47E2-8E15-A0A976309D34}.Debug|ARM64.ActiveCfg = Debug|Any CPU
		{83F2BA37-5DFC-47E2-8E15-A0A976309D34}.Debug|ARM64.Build.0 = Debug|Any CPU
		{83F2BA37-5DFC-47E2-8E15-A0A976309D34}.Debug|iPhone.ActiveCfg = Debug|Any CPU
		{83F2BA37-5DFC-47E2-8E15-A0A976309D34}.Debug|iPhone.Build.0 = Debug|Any CPU
		{83F2BA37-5DFC-47E2-8E15-A0A976309D34}.Debug|iPhoneSimulator.ActiveCfg = Debug|Any CPU
		{83F2BA37-5DFC-47E2-8E15-A0A976309D34}.Debug|iPhoneSimulator.Build.0 = Debug|Any CPU
		{83F2BA37-5DFC-47E2-8E15-A0A976309D34}.Debug|x64.ActiveCfg = Debug|Any CPU
		{83F2BA37-5DFC-47E2-8E15-A0A976309D34}.Debug|x64.Build.0 = Debug|Any CPU
		{83F2BA37-5DFC-47E2-8E15-A0A976309D34}.Debug|x86.ActiveCfg = Debug|Any CPU
		{83F2BA37-5DFC-47E2-8E15-A0A976309D34}.Debug|x86.Build.0 = Debug|Any CPU
		{83F2BA37-5DFC-47E2-8E15-A0A976309D34}.Release|Any CPU.ActiveCfg = Release|Any CPU
		{83F2BA37-5DFC-47E2-8E15-A0A976309D34}.Release|Any CPU.Build.0 = Release|Any CPU
		{83F2BA37-5DFC-47E2-8E15-A0A976309D34}.Release|ARM.ActiveCfg = Release|Any CPU
		{83F2BA37-5DFC-47E2-8E15-A0A976309D34}.Release|ARM.Build.0 = Release|Any CPU
		{83F2BA37-5DFC-47E2-8E15-A0A976309D34}.Release|ARM64.ActiveCfg = Release|Any CPU
		{83F2BA37-5DFC-47E2-8E15-A0A976309D34}.Release|ARM64.Build.0 = Release|Any CPU
		{83F2BA37-5DFC-47E2-8E15-A0A976309D34}.Release|iPhone.ActiveCfg = Release|Any CPU
		{83F2BA37-5DFC-47E2-8E15-A0A976309D34}.Release|iPhone.Build.0 = Release|Any CPU
		{83F2BA37-5DFC-47E2-8E15-A0A976309D34}.Release|iPhoneSimulator.ActiveCfg = Release|Any CPU
		{83F2BA37-5DFC-47E2-8E15-A0A976309D34}.Release|iPhoneSimulator.Build.0 = Release|Any CPU
		{83F2BA37-5DFC-47E2-8E15-A0A976309D34}.Release|x64.ActiveCfg = Release|Any CPU
		{83F2BA37-5DFC-47E2-8E15-A0A976309D34}.Release|x64.Build.0 = Release|Any CPU
		{83F2BA37-5DFC-47E2-8E15-A0A976309D34}.Release|x86.ActiveCfg = Release|Any CPU
		{83F2BA37-5DFC-47E2-8E15-A0A976309D34}.Release|x86.Build.0 = Release|Any CPU
		{05ECF4B0-F37F-4CD1-8DDC-712BFBE1B2A3}.Ad-Hoc|Any CPU.ActiveCfg = Debug|iPhoneSimulator
		{05ECF4B0-F37F-4CD1-8DDC-712BFBE1B2A3}.Ad-Hoc|Any CPU.Build.0 = Debug|iPhoneSimulator
		{05ECF4B0-F37F-4CD1-8DDC-712BFBE1B2A3}.Ad-Hoc|ARM.ActiveCfg = Debug|iPhoneSimulator
		{05ECF4B0-F37F-4CD1-8DDC-712BFBE1B2A3}.Ad-Hoc|ARM.Build.0 = Debug|iPhoneSimulator
		{05ECF4B0-F37F-4CD1-8DDC-712BFBE1B2A3}.Ad-Hoc|ARM64.ActiveCfg = Debug|iPhoneSimulator
		{05ECF4B0-F37F-4CD1-8DDC-712BFBE1B2A3}.Ad-Hoc|ARM64.Build.0 = Debug|iPhoneSimulator
		{05ECF4B0-F37F-4CD1-8DDC-712BFBE1B2A3}.Ad-Hoc|iPhone.ActiveCfg = Debug|iPhoneSimulator
		{05ECF4B0-F37F-4CD1-8DDC-712BFBE1B2A3}.Ad-Hoc|iPhone.Build.0 = Debug|iPhoneSimulator
		{05ECF4B0-F37F-4CD1-8DDC-712BFBE1B2A3}.Ad-Hoc|iPhoneSimulator.ActiveCfg = Debug|iPhoneSimulator
		{05ECF4B0-F37F-4CD1-8DDC-712BFBE1B2A3}.Ad-Hoc|iPhoneSimulator.Build.0 = Debug|iPhoneSimulator
		{05ECF4B0-F37F-4CD1-8DDC-712BFBE1B2A3}.Ad-Hoc|x64.ActiveCfg = Debug|iPhoneSimulator
		{05ECF4B0-F37F-4CD1-8DDC-712BFBE1B2A3}.Ad-Hoc|x64.Build.0 = Debug|iPhoneSimulator
		{05ECF4B0-F37F-4CD1-8DDC-712BFBE1B2A3}.Ad-Hoc|x86.ActiveCfg = Debug|iPhoneSimulator
		{05ECF4B0-F37F-4CD1-8DDC-712BFBE1B2A3}.Ad-Hoc|x86.Build.0 = Debug|iPhoneSimulator
		{05ECF4B0-F37F-4CD1-8DDC-712BFBE1B2A3}.AppStore|Any CPU.ActiveCfg = Debug|iPhoneSimulator
		{05ECF4B0-F37F-4CD1-8DDC-712BFBE1B2A3}.AppStore|Any CPU.Build.0 = Debug|iPhoneSimulator
		{05ECF4B0-F37F-4CD1-8DDC-712BFBE1B2A3}.AppStore|ARM.ActiveCfg = Debug|iPhoneSimulator
		{05ECF4B0-F37F-4CD1-8DDC-712BFBE1B2A3}.AppStore|ARM.Build.0 = Debug|iPhoneSimulator
		{05ECF4B0-F37F-4CD1-8DDC-712BFBE1B2A3}.AppStore|ARM64.ActiveCfg = Debug|iPhoneSimulator
		{05ECF4B0-F37F-4CD1-8DDC-712BFBE1B2A3}.AppStore|ARM64.Build.0 = Debug|iPhoneSimulator
		{05ECF4B0-F37F-4CD1-8DDC-712BFBE1B2A3}.AppStore|iPhone.ActiveCfg = Debug|iPhoneSimulator
		{05ECF4B0-F37F-4CD1-8DDC-712BFBE1B2A3}.AppStore|iPhone.Build.0 = Debug|iPhoneSimulator
		{05ECF4B0-F37F-4CD1-8DDC-712BFBE1B2A3}.AppStore|iPhoneSimulator.ActiveCfg = Debug|iPhoneSimulator
		{05ECF4B0-F37F-4CD1-8DDC-712BFBE1B2A3}.AppStore|iPhoneSimulator.Build.0 = Debug|iPhoneSimulator
		{05ECF4B0-F37F-4CD1-8DDC-712BFBE1B2A3}.AppStore|x64.ActiveCfg = Debug|iPhoneSimulator
		{05ECF4B0-F37F-4CD1-8DDC-712BFBE1B2A3}.AppStore|x64.Build.0 = Debug|iPhoneSimulator
		{05ECF4B0-F37F-4CD1-8DDC-712BFBE1B2A3}.AppStore|x86.ActiveCfg = Debug|iPhoneSimulator
		{05ECF4B0-F37F-4CD1-8DDC-712BFBE1B2A3}.AppStore|x86.Build.0 = Debug|iPhoneSimulator
		{05ECF4B0-F37F-4CD1-8DDC-712BFBE1B2A3}.Debug|Any CPU.ActiveCfg = Debug|iPhoneSimulator
		{05ECF4B0-F37F-4CD1-8DDC-712BFBE1B2A3}.Debug|ARM.ActiveCfg = Debug|iPhoneSimulator
		{05ECF4B0-F37F-4CD1-8DDC-712BFBE1B2A3}.Debug|ARM64.ActiveCfg = Debug|iPhoneSimulator
		{05ECF4B0-F37F-4CD1-8DDC-712BFBE1B2A3}.Debug|iPhone.ActiveCfg = Debug|iPhoneSimulator
		{05ECF4B0-F37F-4CD1-8DDC-712BFBE1B2A3}.Debug|iPhoneSimulator.ActiveCfg = Debug|iPhoneSimulator
		{05ECF4B0-F37F-4CD1-8DDC-712BFBE1B2A3}.Debug|iPhoneSimulator.Build.0 = Debug|iPhoneSimulator
		{05ECF4B0-F37F-4CD1-8DDC-712BFBE1B2A3}.Debug|x64.ActiveCfg = Debug|iPhoneSimulator
		{05ECF4B0-F37F-4CD1-8DDC-712BFBE1B2A3}.Debug|x86.ActiveCfg = Debug|iPhoneSimulator
		{05ECF4B0-F37F-4CD1-8DDC-712BFBE1B2A3}.Release|Any CPU.ActiveCfg = Release|iPhoneSimulator
		{05ECF4B0-F37F-4CD1-8DDC-712BFBE1B2A3}.Release|ARM.ActiveCfg = Release|iPhoneSimulator
		{05ECF4B0-F37F-4CD1-8DDC-712BFBE1B2A3}.Release|ARM64.ActiveCfg = Release|iPhoneSimulator
		{05ECF4B0-F37F-4CD1-8DDC-712BFBE1B2A3}.Release|iPhone.ActiveCfg = Release|iPhoneSimulator
		{05ECF4B0-F37F-4CD1-8DDC-712BFBE1B2A3}.Release|iPhoneSimulator.ActiveCfg = Release|iPhoneSimulator
		{05ECF4B0-F37F-4CD1-8DDC-712BFBE1B2A3}.Release|iPhoneSimulator.Build.0 = Release|iPhoneSimulator
		{05ECF4B0-F37F-4CD1-8DDC-712BFBE1B2A3}.Release|x64.ActiveCfg = Release|iPhoneSimulator
		{05ECF4B0-F37F-4CD1-8DDC-712BFBE1B2A3}.Release|x86.ActiveCfg = Release|iPhoneSimulator
		{E8958BEA-2D60-43FE-904B-B35EF40213C0}.Ad-Hoc|Any CPU.ActiveCfg = Debug|Any CPU
		{E8958BEA-2D60-43FE-904B-B35EF40213C0}.Ad-Hoc|Any CPU.Build.0 = Debug|Any CPU
		{E8958BEA-2D60-43FE-904B-B35EF40213C0}.Ad-Hoc|ARM.ActiveCfg = Debug|Any CPU
		{E8958BEA-2D60-43FE-904B-B35EF40213C0}.Ad-Hoc|ARM.Build.0 = Debug|Any CPU
		{E8958BEA-2D60-43FE-904B-B35EF40213C0}.Ad-Hoc|ARM64.ActiveCfg = Debug|Any CPU
		{E8958BEA-2D60-43FE-904B-B35EF40213C0}.Ad-Hoc|ARM64.Build.0 = Debug|Any CPU
		{E8958BEA-2D60-43FE-904B-B35EF40213C0}.Ad-Hoc|iPhone.ActiveCfg = Debug|Any CPU
		{E8958BEA-2D60-43FE-904B-B35EF40213C0}.Ad-Hoc|iPhone.Build.0 = Debug|Any CPU
		{E8958BEA-2D60-43FE-904B-B35EF40213C0}.Ad-Hoc|iPhoneSimulator.ActiveCfg = Debug|Any CPU
		{E8958BEA-2D60-43FE-904B-B35EF40213C0}.Ad-Hoc|iPhoneSimulator.Build.0 = Debug|Any CPU
		{E8958BEA-2D60-43FE-904B-B35EF40213C0}.Ad-Hoc|x64.ActiveCfg = Debug|Any CPU
		{E8958BEA-2D60-43FE-904B-B35EF40213C0}.Ad-Hoc|x64.Build.0 = Debug|Any CPU
		{E8958BEA-2D60-43FE-904B-B35EF40213C0}.Ad-Hoc|x86.ActiveCfg = Debug|Any CPU
		{E8958BEA-2D60-43FE-904B-B35EF40213C0}.Ad-Hoc|x86.Build.0 = Debug|Any CPU
		{E8958BEA-2D60-43FE-904B-B35EF40213C0}.AppStore|Any CPU.ActiveCfg = Debug|Any CPU
		{E8958BEA-2D60-43FE-904B-B35EF40213C0}.AppStore|Any CPU.Build.0 = Debug|Any CPU
		{E8958BEA-2D60-43FE-904B-B35EF40213C0}.AppStore|ARM.ActiveCfg = Debug|Any CPU
		{E8958BEA-2D60-43FE-904B-B35EF40213C0}.AppStore|ARM.Build.0 = Debug|Any CPU
		{E8958BEA-2D60-43FE-904B-B35EF40213C0}.AppStore|ARM64.ActiveCfg = Debug|Any CPU
		{E8958BEA-2D60-43FE-904B-B35EF40213C0}.AppStore|ARM64.Build.0 = Debug|Any CPU
		{E8958BEA-2D60-43FE-904B-B35EF40213C0}.AppStore|iPhone.ActiveCfg = Debug|Any CPU
		{E8958BEA-2D60-43FE-904B-B35EF40213C0}.AppStore|iPhone.Build.0 = Debug|Any CPU
		{E8958BEA-2D60-43FE-904B-B35EF40213C0}.AppStore|iPhoneSimulator.ActiveCfg = Debug|Any CPU
		{E8958BEA-2D60-43FE-904B-B35EF40213C0}.AppStore|iPhoneSimulator.Build.0 = Debug|Any CPU
		{E8958BEA-2D60-43FE-904B-B35EF40213C0}.AppStore|x64.ActiveCfg = Debug|Any CPU
		{E8958BEA-2D60-43FE-904B-B35EF40213C0}.AppStore|x64.Build.0 = Debug|Any CPU
		{E8958BEA-2D60-43FE-904B-B35EF40213C0}.AppStore|x86.ActiveCfg = Debug|Any CPU
		{E8958BEA-2D60-43FE-904B-B35EF40213C0}.AppStore|x86.Build.0 = Debug|Any CPU
		{E8958BEA-2D60-43FE-904B-B35EF40213C0}.Debug|Any CPU.ActiveCfg = Debug|Any CPU
		{E8958BEA-2D60-43FE-904B-B35EF40213C0}.Debug|Any CPU.Build.0 = Debug|Any CPU
		{E8958BEA-2D60-43FE-904B-B35EF40213C0}.Debug|ARM.ActiveCfg = Debug|Any CPU
		{E8958BEA-2D60-43FE-904B-B35EF40213C0}.Debug|ARM.Build.0 = Debug|Any CPU
		{E8958BEA-2D60-43FE-904B-B35EF40213C0}.Debug|ARM64.ActiveCfg = Debug|Any CPU
		{E8958BEA-2D60-43FE-904B-B35EF40213C0}.Debug|ARM64.Build.0 = Debug|Any CPU
		{E8958BEA-2D60-43FE-904B-B35EF40213C0}.Debug|iPhone.ActiveCfg = Debug|Any CPU
		{E8958BEA-2D60-43FE-904B-B35EF40213C0}.Debug|iPhone.Build.0 = Debug|Any CPU
		{E8958BEA-2D60-43FE-904B-B35EF40213C0}.Debug|iPhoneSimulator.ActiveCfg = Debug|Any CPU
		{E8958BEA-2D60-43FE-904B-B35EF40213C0}.Debug|iPhoneSimulator.Build.0 = Debug|Any CPU
		{E8958BEA-2D60-43FE-904B-B35EF40213C0}.Debug|x64.ActiveCfg = Debug|Any CPU
		{E8958BEA-2D60-43FE-904B-B35EF40213C0}.Debug|x64.Build.0 = Debug|Any CPU
		{E8958BEA-2D60-43FE-904B-B35EF40213C0}.Debug|x86.ActiveCfg = Debug|Any CPU
		{E8958BEA-2D60-43FE-904B-B35EF40213C0}.Debug|x86.Build.0 = Debug|Any CPU
		{E8958BEA-2D60-43FE-904B-B35EF40213C0}.Release|Any CPU.ActiveCfg = Release|Any CPU
		{E8958BEA-2D60-43FE-904B-B35EF40213C0}.Release|Any CPU.Build.0 = Release|Any CPU
		{E8958BEA-2D60-43FE-904B-B35EF40213C0}.Release|ARM.ActiveCfg = Release|Any CPU
		{E8958BEA-2D60-43FE-904B-B35EF40213C0}.Release|ARM.Build.0 = Release|Any CPU
		{E8958BEA-2D60-43FE-904B-B35EF40213C0}.Release|ARM64.ActiveCfg = Release|Any CPU
		{E8958BEA-2D60-43FE-904B-B35EF40213C0}.Release|ARM64.Build.0 = Release|Any CPU
		{E8958BEA-2D60-43FE-904B-B35EF40213C0}.Release|iPhone.ActiveCfg = Release|Any CPU
		{E8958BEA-2D60-43FE-904B-B35EF40213C0}.Release|iPhone.Build.0 = Release|Any CPU
		{E8958BEA-2D60-43FE-904B-B35EF40213C0}.Release|iPhoneSimulator.ActiveCfg = Release|Any CPU
		{E8958BEA-2D60-43FE-904B-B35EF40213C0}.Release|iPhoneSimulator.Build.0 = Release|Any CPU
		{E8958BEA-2D60-43FE-904B-B35EF40213C0}.Release|x64.ActiveCfg = Release|Any CPU
		{E8958BEA-2D60-43FE-904B-B35EF40213C0}.Release|x64.Build.0 = Release|Any CPU
		{E8958BEA-2D60-43FE-904B-B35EF40213C0}.Release|x86.ActiveCfg = Release|Any CPU
		{E8958BEA-2D60-43FE-904B-B35EF40213C0}.Release|x86.Build.0 = Release|Any CPU
		{2C4806D8-0466-4CBF-A793-05F41BD184B9}.Ad-Hoc|Any CPU.ActiveCfg = Debug|Any CPU
		{2C4806D8-0466-4CBF-A793-05F41BD184B9}.Ad-Hoc|Any CPU.Build.0 = Debug|Any CPU
		{2C4806D8-0466-4CBF-A793-05F41BD184B9}.Ad-Hoc|ARM.ActiveCfg = Debug|Any CPU
		{2C4806D8-0466-4CBF-A793-05F41BD184B9}.Ad-Hoc|ARM.Build.0 = Debug|Any CPU
		{2C4806D8-0466-4CBF-A793-05F41BD184B9}.Ad-Hoc|ARM64.ActiveCfg = Debug|Any CPU
		{2C4806D8-0466-4CBF-A793-05F41BD184B9}.Ad-Hoc|ARM64.Build.0 = Debug|Any CPU
		{2C4806D8-0466-4CBF-A793-05F41BD184B9}.Ad-Hoc|iPhone.ActiveCfg = Debug|Any CPU
		{2C4806D8-0466-4CBF-A793-05F41BD184B9}.Ad-Hoc|iPhone.Build.0 = Debug|Any CPU
		{2C4806D8-0466-4CBF-A793-05F41BD184B9}.Ad-Hoc|iPhoneSimulator.ActiveCfg = Debug|Any CPU
		{2C4806D8-0466-4CBF-A793-05F41BD184B9}.Ad-Hoc|iPhoneSimulator.Build.0 = Debug|Any CPU
		{2C4806D8-0466-4CBF-A793-05F41BD184B9}.Ad-Hoc|x64.ActiveCfg = Debug|Any CPU
		{2C4806D8-0466-4CBF-A793-05F41BD184B9}.Ad-Hoc|x64.Build.0 = Debug|Any CPU
		{2C4806D8-0466-4CBF-A793-05F41BD184B9}.Ad-Hoc|x86.ActiveCfg = Debug|Any CPU
		{2C4806D8-0466-4CBF-A793-05F41BD184B9}.Ad-Hoc|x86.Build.0 = Debug|Any CPU
		{2C4806D8-0466-4CBF-A793-05F41BD184B9}.AppStore|Any CPU.ActiveCfg = Debug|Any CPU
		{2C4806D8-0466-4CBF-A793-05F41BD184B9}.AppStore|Any CPU.Build.0 = Debug|Any CPU
		{2C4806D8-0466-4CBF-A793-05F41BD184B9}.AppStore|ARM.ActiveCfg = Debug|Any CPU
		{2C4806D8-0466-4CBF-A793-05F41BD184B9}.AppStore|ARM.Build.0 = Debug|Any CPU
		{2C4806D8-0466-4CBF-A793-05F41BD184B9}.AppStore|ARM64.ActiveCfg = Debug|Any CPU
		{2C4806D8-0466-4CBF-A793-05F41BD184B9}.AppStore|ARM64.Build.0 = Debug|Any CPU
		{2C4806D8-0466-4CBF-A793-05F41BD184B9}.AppStore|iPhone.ActiveCfg = Debug|Any CPU
		{2C4806D8-0466-4CBF-A793-05F41BD184B9}.AppStore|iPhone.Build.0 = Debug|Any CPU
		{2C4806D8-0466-4CBF-A793-05F41BD184B9}.AppStore|iPhoneSimulator.ActiveCfg = Debug|Any CPU
		{2C4806D8-0466-4CBF-A793-05F41BD184B9}.AppStore|iPhoneSimulator.Build.0 = Debug|Any CPU
		{2C4806D8-0466-4CBF-A793-05F41BD184B9}.AppStore|x64.ActiveCfg = Debug|Any CPU
		{2C4806D8-0466-4CBF-A793-05F41BD184B9}.AppStore|x64.Build.0 = Debug|Any CPU
		{2C4806D8-0466-4CBF-A793-05F41BD184B9}.AppStore|x86.ActiveCfg = Debug|Any CPU
		{2C4806D8-0466-4CBF-A793-05F41BD184B9}.AppStore|x86.Build.0 = Debug|Any CPU
		{2C4806D8-0466-4CBF-A793-05F41BD184B9}.Debug|Any CPU.ActiveCfg = Debug|Any CPU
		{2C4806D8-0466-4CBF-A793-05F41BD184B9}.Debug|Any CPU.Build.0 = Debug|Any CPU
		{2C4806D8-0466-4CBF-A793-05F41BD184B9}.Debug|ARM.ActiveCfg = Debug|Any CPU
		{2C4806D8-0466-4CBF-A793-05F41BD184B9}.Debug|ARM.Build.0 = Debug|Any CPU
		{2C4806D8-0466-4CBF-A793-05F41BD184B9}.Debug|ARM64.ActiveCfg = Debug|Any CPU
		{2C4806D8-0466-4CBF-A793-05F41BD184B9}.Debug|ARM64.Build.0 = Debug|Any CPU
		{2C4806D8-0466-4CBF-A793-05F41BD184B9}.Debug|iPhone.ActiveCfg = Debug|Any CPU
		{2C4806D8-0466-4CBF-A793-05F41BD184B9}.Debug|iPhone.Build.0 = Debug|Any CPU
		{2C4806D8-0466-4CBF-A793-05F41BD184B9}.Debug|iPhoneSimulator.ActiveCfg = Debug|Any CPU
		{2C4806D8-0466-4CBF-A793-05F41BD184B9}.Debug|iPhoneSimulator.Build.0 = Debug|Any CPU
		{2C4806D8-0466-4CBF-A793-05F41BD184B9}.Debug|x64.ActiveCfg = Debug|Any CPU
		{2C4806D8-0466-4CBF-A793-05F41BD184B9}.Debug|x64.Build.0 = Debug|Any CPU
		{2C4806D8-0466-4CBF-A793-05F41BD184B9}.Debug|x86.ActiveCfg = Debug|Any CPU
		{2C4806D8-0466-4CBF-A793-05F41BD184B9}.Debug|x86.Build.0 = Debug|Any CPU
		{2C4806D8-0466-4CBF-A793-05F41BD184B9}.Release|Any CPU.ActiveCfg = Release|Any CPU
		{2C4806D8-0466-4CBF-A793-05F41BD184B9}.Release|Any CPU.Build.0 = Release|Any CPU
		{2C4806D8-0466-4CBF-A793-05F41BD184B9}.Release|ARM.ActiveCfg = Release|Any CPU
		{2C4806D8-0466-4CBF-A793-05F41BD184B9}.Release|ARM.Build.0 = Release|Any CPU
		{2C4806D8-0466-4CBF-A793-05F41BD184B9}.Release|ARM64.ActiveCfg = Release|Any CPU
		{2C4806D8-0466-4CBF-A793-05F41BD184B9}.Release|ARM64.Build.0 = Release|Any CPU
		{2C4806D8-0466-4CBF-A793-05F41BD184B9}.Release|iPhone.ActiveCfg = Release|Any CPU
		{2C4806D8-0466-4CBF-A793-05F41BD184B9}.Release|iPhone.Build.0 = Release|Any CPU
		{2C4806D8-0466-4CBF-A793-05F41BD184B9}.Release|iPhoneSimulator.ActiveCfg = Release|Any CPU
		{2C4806D8-0466-4CBF-A793-05F41BD184B9}.Release|iPhoneSimulator.Build.0 = Release|Any CPU
		{2C4806D8-0466-4CBF-A793-05F41BD184B9}.Release|x64.ActiveCfg = Release|Any CPU
		{2C4806D8-0466-4CBF-A793-05F41BD184B9}.Release|x64.Build.0 = Release|Any CPU
		{2C4806D8-0466-4CBF-A793-05F41BD184B9}.Release|x86.ActiveCfg = Release|Any CPU
		{2C4806D8-0466-4CBF-A793-05F41BD184B9}.Release|x86.Build.0 = Release|Any CPU
		{3F0ACBB9-A218-44A2-9F73-926F6E0D5D17}.Ad-Hoc|Any CPU.ActiveCfg = Debug|Any CPU
		{3F0ACBB9-A218-44A2-9F73-926F6E0D5D17}.Ad-Hoc|Any CPU.Build.0 = Debug|Any CPU
		{3F0ACBB9-A218-44A2-9F73-926F6E0D5D17}.Ad-Hoc|ARM.ActiveCfg = Debug|Any CPU
		{3F0ACBB9-A218-44A2-9F73-926F6E0D5D17}.Ad-Hoc|ARM.Build.0 = Debug|Any CPU
		{3F0ACBB9-A218-44A2-9F73-926F6E0D5D17}.Ad-Hoc|ARM64.ActiveCfg = Debug|Any CPU
		{3F0ACBB9-A218-44A2-9F73-926F6E0D5D17}.Ad-Hoc|ARM64.Build.0 = Debug|Any CPU
		{3F0ACBB9-A218-44A2-9F73-926F6E0D5D17}.Ad-Hoc|iPhone.ActiveCfg = Debug|Any CPU
		{3F0ACBB9-A218-44A2-9F73-926F6E0D5D17}.Ad-Hoc|iPhone.Build.0 = Debug|Any CPU
		{3F0ACBB9-A218-44A2-9F73-926F6E0D5D17}.Ad-Hoc|iPhoneSimulator.ActiveCfg = Debug|Any CPU
		{3F0ACBB9-A218-44A2-9F73-926F6E0D5D17}.Ad-Hoc|iPhoneSimulator.Build.0 = Debug|Any CPU
		{3F0ACBB9-A218-44A2-9F73-926F6E0D5D17}.Ad-Hoc|x64.ActiveCfg = Debug|Any CPU
		{3F0ACBB9-A218-44A2-9F73-926F6E0D5D17}.Ad-Hoc|x64.Build.0 = Debug|Any CPU
		{3F0ACBB9-A218-44A2-9F73-926F6E0D5D17}.Ad-Hoc|x86.ActiveCfg = Debug|Any CPU
		{3F0ACBB9-A218-44A2-9F73-926F6E0D5D17}.Ad-Hoc|x86.Build.0 = Debug|Any CPU
		{3F0ACBB9-A218-44A2-9F73-926F6E0D5D17}.AppStore|Any CPU.ActiveCfg = Debug|Any CPU
		{3F0ACBB9-A218-44A2-9F73-926F6E0D5D17}.AppStore|Any CPU.Build.0 = Debug|Any CPU
		{3F0ACBB9-A218-44A2-9F73-926F6E0D5D17}.AppStore|ARM.ActiveCfg = Debug|Any CPU
		{3F0ACBB9-A218-44A2-9F73-926F6E0D5D17}.AppStore|ARM.Build.0 = Debug|Any CPU
		{3F0ACBB9-A218-44A2-9F73-926F6E0D5D17}.AppStore|ARM64.ActiveCfg = Debug|Any CPU
		{3F0ACBB9-A218-44A2-9F73-926F6E0D5D17}.AppStore|ARM64.Build.0 = Debug|Any CPU
		{3F0ACBB9-A218-44A2-9F73-926F6E0D5D17}.AppStore|iPhone.ActiveCfg = Debug|Any CPU
		{3F0ACBB9-A218-44A2-9F73-926F6E0D5D17}.AppStore|iPhone.Build.0 = Debug|Any CPU
		{3F0ACBB9-A218-44A2-9F73-926F6E0D5D17}.AppStore|iPhoneSimulator.ActiveCfg = Debug|Any CPU
		{3F0ACBB9-A218-44A2-9F73-926F6E0D5D17}.AppStore|iPhoneSimulator.Build.0 = Debug|Any CPU
		{3F0ACBB9-A218-44A2-9F73-926F6E0D5D17}.AppStore|x64.ActiveCfg = Debug|Any CPU
		{3F0ACBB9-A218-44A2-9F73-926F6E0D5D17}.AppStore|x64.Build.0 = Debug|Any CPU
		{3F0ACBB9-A218-44A2-9F73-926F6E0D5D17}.AppStore|x86.ActiveCfg = Debug|Any CPU
		{3F0ACBB9-A218-44A2-9F73-926F6E0D5D17}.AppStore|x86.Build.0 = Debug|Any CPU
		{3F0ACBB9-A218-44A2-9F73-926F6E0D5D17}.Debug|Any CPU.ActiveCfg = Debug|Any CPU
		{3F0ACBB9-A218-44A2-9F73-926F6E0D5D17}.Debug|Any CPU.Build.0 = Debug|Any CPU
		{3F0ACBB9-A218-44A2-9F73-926F6E0D5D17}.Debug|ARM.ActiveCfg = Debug|Any CPU
		{3F0ACBB9-A218-44A2-9F73-926F6E0D5D17}.Debug|ARM.Build.0 = Debug|Any CPU
		{3F0ACBB9-A218-44A2-9F73-926F6E0D5D17}.Debug|ARM64.ActiveCfg = Debug|Any CPU
		{3F0ACBB9-A218-44A2-9F73-926F6E0D5D17}.Debug|ARM64.Build.0 = Debug|Any CPU
		{3F0ACBB9-A218-44A2-9F73-926F6E0D5D17}.Debug|iPhone.ActiveCfg = Debug|Any CPU
		{3F0ACBB9-A218-44A2-9F73-926F6E0D5D17}.Debug|iPhone.Build.0 = Debug|Any CPU
		{3F0ACBB9-A218-44A2-9F73-926F6E0D5D17}.Debug|iPhoneSimulator.ActiveCfg = Debug|Any CPU
		{3F0ACBB9-A218-44A2-9F73-926F6E0D5D17}.Debug|iPhoneSimulator.Build.0 = Debug|Any CPU
		{3F0ACBB9-A218-44A2-9F73-926F6E0D5D17}.Debug|x64.ActiveCfg = Debug|Any CPU
		{3F0ACBB9-A218-44A2-9F73-926F6E0D5D17}.Debug|x64.Build.0 = Debug|Any CPU
		{3F0ACBB9-A218-44A2-9F73-926F6E0D5D17}.Debug|x86.ActiveCfg = Debug|Any CPU
		{3F0ACBB9-A218-44A2-9F73-926F6E0D5D17}.Debug|x86.Build.0 = Debug|Any CPU
		{3F0ACBB9-A218-44A2-9F73-926F6E0D5D17}.Release|Any CPU.ActiveCfg = Release|Any CPU
		{3F0ACBB9-A218-44A2-9F73-926F6E0D5D17}.Release|Any CPU.Build.0 = Release|Any CPU
		{3F0ACBB9-A218-44A2-9F73-926F6E0D5D17}.Release|ARM.ActiveCfg = Release|Any CPU
		{3F0ACBB9-A218-44A2-9F73-926F6E0D5D17}.Release|ARM.Build.0 = Release|Any CPU
		{3F0ACBB9-A218-44A2-9F73-926F6E0D5D17}.Release|ARM64.ActiveCfg = Release|Any CPU
		{3F0ACBB9-A218-44A2-9F73-926F6E0D5D17}.Release|ARM64.Build.0 = Release|Any CPU
		{3F0ACBB9-A218-44A2-9F73-926F6E0D5D17}.Release|iPhone.ActiveCfg = Release|Any CPU
		{3F0ACBB9-A218-44A2-9F73-926F6E0D5D17}.Release|iPhone.Build.0 = Release|Any CPU
		{3F0ACBB9-A218-44A2-9F73-926F6E0D5D17}.Release|iPhoneSimulator.ActiveCfg = Release|Any CPU
		{3F0ACBB9-A218-44A2-9F73-926F6E0D5D17}.Release|iPhoneSimulator.Build.0 = Release|Any CPU
		{3F0ACBB9-A218-44A2-9F73-926F6E0D5D17}.Release|x64.ActiveCfg = Release|Any CPU
		{3F0ACBB9-A218-44A2-9F73-926F6E0D5D17}.Release|x64.Build.0 = Release|Any CPU
		{3F0ACBB9-A218-44A2-9F73-926F6E0D5D17}.Release|x86.ActiveCfg = Release|Any CPU
		{3F0ACBB9-A218-44A2-9F73-926F6E0D5D17}.Release|x86.Build.0 = Release|Any CPU
		{5506122C-DCBA-496C-9324-69B09DBC76E6}.Ad-Hoc|Any CPU.ActiveCfg = Debug|Any CPU
		{5506122C-DCBA-496C-9324-69B09DBC76E6}.Ad-Hoc|Any CPU.Build.0 = Debug|Any CPU
		{5506122C-DCBA-496C-9324-69B09DBC76E6}.Ad-Hoc|ARM.ActiveCfg = Debug|Any CPU
		{5506122C-DCBA-496C-9324-69B09DBC76E6}.Ad-Hoc|ARM.Build.0 = Debug|Any CPU
		{5506122C-DCBA-496C-9324-69B09DBC76E6}.Ad-Hoc|ARM64.ActiveCfg = Debug|Any CPU
		{5506122C-DCBA-496C-9324-69B09DBC76E6}.Ad-Hoc|ARM64.Build.0 = Debug|Any CPU
		{5506122C-DCBA-496C-9324-69B09DBC76E6}.Ad-Hoc|iPhone.ActiveCfg = Debug|Any CPU
		{5506122C-DCBA-496C-9324-69B09DBC76E6}.Ad-Hoc|iPhone.Build.0 = Debug|Any CPU
		{5506122C-DCBA-496C-9324-69B09DBC76E6}.Ad-Hoc|iPhoneSimulator.ActiveCfg = Debug|Any CPU
		{5506122C-DCBA-496C-9324-69B09DBC76E6}.Ad-Hoc|iPhoneSimulator.Build.0 = Debug|Any CPU
		{5506122C-DCBA-496C-9324-69B09DBC76E6}.Ad-Hoc|x64.ActiveCfg = Debug|Any CPU
		{5506122C-DCBA-496C-9324-69B09DBC76E6}.Ad-Hoc|x64.Build.0 = Debug|Any CPU
		{5506122C-DCBA-496C-9324-69B09DBC76E6}.Ad-Hoc|x86.ActiveCfg = Debug|Any CPU
		{5506122C-DCBA-496C-9324-69B09DBC76E6}.Ad-Hoc|x86.Build.0 = Debug|Any CPU
		{5506122C-DCBA-496C-9324-69B09DBC76E6}.AppStore|Any CPU.ActiveCfg = Debug|Any CPU
		{5506122C-DCBA-496C-9324-69B09DBC76E6}.AppStore|Any CPU.Build.0 = Debug|Any CPU
		{5506122C-DCBA-496C-9324-69B09DBC76E6}.AppStore|ARM.ActiveCfg = Debug|Any CPU
		{5506122C-DCBA-496C-9324-69B09DBC76E6}.AppStore|ARM.Build.0 = Debug|Any CPU
		{5506122C-DCBA-496C-9324-69B09DBC76E6}.AppStore|ARM64.ActiveCfg = Debug|Any CPU
		{5506122C-DCBA-496C-9324-69B09DBC76E6}.AppStore|ARM64.Build.0 = Debug|Any CPU
		{5506122C-DCBA-496C-9324-69B09DBC76E6}.AppStore|iPhone.ActiveCfg = Debug|Any CPU
		{5506122C-DCBA-496C-9324-69B09DBC76E6}.AppStore|iPhone.Build.0 = Debug|Any CPU
		{5506122C-DCBA-496C-9324-69B09DBC76E6}.AppStore|iPhoneSimulator.ActiveCfg = Debug|Any CPU
		{5506122C-DCBA-496C-9324-69B09DBC76E6}.AppStore|iPhoneSimulator.Build.0 = Debug|Any CPU
		{5506122C-DCBA-496C-9324-69B09DBC76E6}.AppStore|x64.ActiveCfg = Debug|Any CPU
		{5506122C-DCBA-496C-9324-69B09DBC76E6}.AppStore|x64.Build.0 = Debug|Any CPU
		{5506122C-DCBA-496C-9324-69B09DBC76E6}.AppStore|x86.ActiveCfg = Debug|Any CPU
		{5506122C-DCBA-496C-9324-69B09DBC76E6}.AppStore|x86.Build.0 = Debug|Any CPU
		{5506122C-DCBA-496C-9324-69B09DBC76E6}.Debug|Any CPU.ActiveCfg = Debug|Any CPU
		{5506122C-DCBA-496C-9324-69B09DBC76E6}.Debug|Any CPU.Build.0 = Debug|Any CPU
		{5506122C-DCBA-496C-9324-69B09DBC76E6}.Debug|ARM.ActiveCfg = Debug|Any CPU
		{5506122C-DCBA-496C-9324-69B09DBC76E6}.Debug|ARM.Build.0 = Debug|Any CPU
		{5506122C-DCBA-496C-9324-69B09DBC76E6}.Debug|ARM64.ActiveCfg = Debug|Any CPU
		{5506122C-DCBA-496C-9324-69B09DBC76E6}.Debug|ARM64.Build.0 = Debug|Any CPU
		{5506122C-DCBA-496C-9324-69B09DBC76E6}.Debug|iPhone.ActiveCfg = Debug|Any CPU
		{5506122C-DCBA-496C-9324-69B09DBC76E6}.Debug|iPhone.Build.0 = Debug|Any CPU
		{5506122C-DCBA-496C-9324-69B09DBC76E6}.Debug|iPhoneSimulator.ActiveCfg = Debug|Any CPU
		{5506122C-DCBA-496C-9324-69B09DBC76E6}.Debug|iPhoneSimulator.Build.0 = Debug|Any CPU
		{5506122C-DCBA-496C-9324-69B09DBC76E6}.Debug|x64.ActiveCfg = Debug|Any CPU
		{5506122C-DCBA-496C-9324-69B09DBC76E6}.Debug|x64.Build.0 = Debug|Any CPU
		{5506122C-DCBA-496C-9324-69B09DBC76E6}.Debug|x86.ActiveCfg = Debug|Any CPU
		{5506122C-DCBA-496C-9324-69B09DBC76E6}.Debug|x86.Build.0 = Debug|Any CPU
		{5506122C-DCBA-496C-9324-69B09DBC76E6}.Release|Any CPU.ActiveCfg = Release|Any CPU
		{5506122C-DCBA-496C-9324-69B09DBC76E6}.Release|Any CPU.Build.0 = Release|Any CPU
		{5506122C-DCBA-496C-9324-69B09DBC76E6}.Release|ARM.ActiveCfg = Release|Any CPU
		{5506122C-DCBA-496C-9324-69B09DBC76E6}.Release|ARM.Build.0 = Release|Any CPU
		{5506122C-DCBA-496C-9324-69B09DBC76E6}.Release|ARM64.ActiveCfg = Release|Any CPU
		{5506122C-DCBA-496C-9324-69B09DBC76E6}.Release|ARM64.Build.0 = Release|Any CPU
		{5506122C-DCBA-496C-9324-69B09DBC76E6}.Release|iPhone.ActiveCfg = Release|Any CPU
		{5506122C-DCBA-496C-9324-69B09DBC76E6}.Release|iPhone.Build.0 = Release|Any CPU
		{5506122C-DCBA-496C-9324-69B09DBC76E6}.Release|iPhoneSimulator.ActiveCfg = Release|Any CPU
		{5506122C-DCBA-496C-9324-69B09DBC76E6}.Release|iPhoneSimulator.Build.0 = Release|Any CPU
		{5506122C-DCBA-496C-9324-69B09DBC76E6}.Release|x64.ActiveCfg = Release|Any CPU
		{5506122C-DCBA-496C-9324-69B09DBC76E6}.Release|x64.Build.0 = Release|Any CPU
		{5506122C-DCBA-496C-9324-69B09DBC76E6}.Release|x86.ActiveCfg = Release|Any CPU
		{5506122C-DCBA-496C-9324-69B09DBC76E6}.Release|x86.Build.0 = Release|Any CPU
	EndGlobalSection
	GlobalSection(SolutionProperties) = preSolution
		HideSolutionNode = FALSE
	EndGlobalSection
	GlobalSection(NestedProjects) = preSolution
		{B597E327-0846-4DCC-99FD-C97D57DCAD8C} = {493AEE4F-38F1-4436-B647-34E8C4E02621}
		{72489DB8-7D4D-4CE9-8B82-2B47BE7BC3DF} = {493AEE4F-38F1-4436-B647-34E8C4E02621}
		{994B6FDE-87C2-443E-9E80-2592DD85B636} = {493AEE4F-38F1-4436-B647-34E8C4E02621}
		{83F2BA37-5DFC-47E2-8E15-A0A976309D34} = {493AEE4F-38F1-4436-B647-34E8C4E02621}
		{05ECF4B0-F37F-4CD1-8DDC-712BFBE1B2A3} = {493AEE4F-38F1-4436-B647-34E8C4E02621}
		{E8958BEA-2D60-43FE-904B-B35EF40213C0} = {493AEE4F-38F1-4436-B647-34E8C4E02621}
		{2C4806D8-0466-4CBF-A793-05F41BD184B9} = {493AEE4F-38F1-4436-B647-34E8C4E02621}
		{3F0ACBB9-A218-44A2-9F73-926F6E0D5D17} = {493AEE4F-38F1-4436-B647-34E8C4E02621}
		{5506122C-DCBA-496C-9324-69B09DBC76E6} = {493AEE4F-38F1-4436-B647-34E8C4E02621}
	EndGlobalSection
	GlobalSection(ExtensibilityGlobals) = postSolution
		SolutionGuid = {A6E8EF08-A292-4A17-A611-363A88DDCA2D}
	EndGlobalSection
EndGlobal
